
Microsoft Visual Studio Solution File, Format Version 12.00
# Visual Studio Version 17
VisualStudioVersion = 17.11.35219.272
MinimumVisualStudioVersion = 10.0.40219.1
Project("{FAE04EC0-301F-11D3-BF4B-00C04F79EFBC}") = "ProjectHoffmann1", "ProjectHoffmann1\ProjectHoffmann1.csproj", "{5B676F6A-F7B9-4140-8E0D-A2598854A478}"
EndProject
Global
	GlobalSection(SolutionConfigurationPlatforms) = preSolution
		Debug|Any CPU = Debug|Any CPU
		Release|Any CPU = Release|Any CPU
	EndGlobalSection
	GlobalSection(ProjectConfigurationPlatforms) = postSolution
		{5B676F6A-F7B9-4140-8E0D-A2598854A478}.Debug|Any CPU.ActiveCfg = Debug|Any CPU
		{5B676F6A-F7B9-4140-8E0D-A2598854A478}.Debug|Any CPU.Build.0 = Debug|Any CPU
		{5B676F6A-F7B9-4140-8E0D-A2598854A478}.Debug|Any CPU.Deploy.0 = Debug|Any CPU
		{5B676F6A-F7B9-4140-8E0D-A2598854A478}.Release|Any CPU.ActiveCfg = Release|Any CPU
		{5B676F6A-F7B9-4140-8E0D-A2598854A478}.Release|Any CPU.Build.0 = Release|Any CPU
		{5B676F6A-F7B9-4140-8E0D-A2598854A478}.Release|Any CPU.Deploy.0 = Release|Any CPU
	EndGlobalSection
	GlobalSection(SolutionProperties) = preSolution
		HideSolutionNode = FALSE
	EndGlobalSection
	GlobalSection(ExtensibilityGlobals) = postSolution
		SolutionGuid = {D8602880-85F6-4B22-B8D2-44A090E0FE8D}
	EndGlobalSection
EndGlobal
